
Microsoft Visual Studio Solution File, Format Version 12.00
# Visual Studio Version 17
VisualStudioVersion = 17.9.34728.123
MinimumVisualStudioVersion = 10.0.40219.1
Project("{FAE04EC0-301F-11D3-BF4B-00C04F79EFBC}") = "ChessLibrary", "ChessLibrary\ChessLibrary.csproj", "{97FC2492-B1D8-4778-81C9-6BA75E6C5986}"
EndProject
Project("{FAE04EC0-301F-11D3-BF4B-00C04F79EFBC}") = "ChessUI", "ChessUI\ChessUI.csproj", "{C494A47A-3719-4389-9C3A-C6ECC91A5322}"
EndProject
Global
	GlobalSection(SolutionConfigurationPlatforms) = preSolution
		Debug|Any CPU = Debug|Any CPU
		Release|Any CPU = Release|Any CPU
	EndGlobalSection
	GlobalSection(ProjectConfigurationPlatforms) = postSolution
		{97FC2492-B1D8-4778-81C9-6BA75E6C5986}.Debug|Any CPU.ActiveCfg = Debug|Any CPU
		{97FC2492-B1D8-4778-81C9-6BA75E6C5986}.Debug|Any CPU.Build.0 = Debug|Any CPU
		{97FC2492-B1D8-4778-81C9-6BA75E6C5986}.Release|Any CPU.ActiveCfg = Release|Any CPU
		{97FC2492-B1D8-4778-81C9-6BA75E6C5986}.Release|Any CPU.Build.0 = Release|Any CPU
		{C494A47A-3719-4389-9C3A-C6ECC91A5322}.Debug|Any CPU.ActiveCfg = Debug|Any CPU
		{C494A47A-3719-4389-9C3A-C6ECC91A5322}.Debug|Any CPU.Build.0 = Debug|Any CPU
		{C494A47A-3719-4389-9C3A-C6ECC91A5322}.Release|Any CPU.ActiveCfg = Release|Any CPU
		{C494A47A-3719-4389-9C3A-C6ECC91A5322}.Release|Any CPU.Build.0 = Release|Any CPU
	EndGlobalSection
	GlobalSection(SolutionProperties) = preSolution
		HideSolutionNode = FALSE
	EndGlobalSection
	GlobalSection(ExtensibilityGlobals) = postSolution
		SolutionGuid = {E8BD4301-AF13-404F-A4EA-C2F3AACF6660}
	EndGlobalSection
EndGlobal
